<?xml version="1.0" encoding="utf-8"?>
<Project ToolsVersion="4.0" xmlns="http://schemas.microsoft.com/developer/msbuild/2003">
  <ItemGroup>
    <Filter Include="Project">
      <UniqueIdentifier>{ce4c9004-8e06-43aa-9f8c-1f6a86621cb7}</UniqueIdentifier>
    </Filter>
    <Filter Include="Project\Creatures">
      <UniqueIdentifier>{21a50ef4-7339-409a-bdd6-310d3512a3f4}</UniqueIdentifier>
    </Filter>
    <Filter Include="Project\Creatures\Enemies">
      <UniqueIdentifier>{923a8859-fc87-4553-a020-f9253631784c}</UniqueIdentifier>
    </Filter>
    <Filter Include="Project\LevelStuff">
      <UniqueIdentifier>{1fe6bdf8-1c44-4a99-855a-5bee0454675f}</UniqueIdentifier>
    </Filter>
    <Filter Include="Project\Algorithms">
      <UniqueIdentifier>{13ee9676-4524-49a1-8c2d-e6fc387731a3}</UniqueIdentifier>
    </Filter>
    <Filter Include="Project\Algorithms\Pathfinding">
      <UniqueIdentifier>{9a33d446-a240-48e8-8335-f0ca38cd1399}</UniqueIdentifier>
    </Filter>
    <Filter Include="Project\IckyBehindTheSceneSetup">
      <UniqueIdentifier>{96c361fd-521a-4562-86e1-4902f107675e}</UniqueIdentifier>
    </Filter>
    <Filter Include="Project\Creatures\Enemies\Basic">
      <UniqueIdentifier>{75cc47ef-17d9-4cf8-a3b0-235ffccd8070}</UniqueIdentifier>
    </Filter>
    <Filter Include="Project\Algorithms\Bresenham">
      <UniqueIdentifier>{03c4d19f-f05b-490a-8137-88d35576f97d}</UniqueIdentifier>
    </Filter>
    <Filter Include="Project\Algorithms\Random">
      <UniqueIdentifier>{54b232f4-f623-4846-bda5-b45937aa0425}</UniqueIdentifier>
    </Filter>
    <Filter Include="Project\Algorithms\Damage goods">
      <UniqueIdentifier>{966ddd4f-b3cb-47d5-94f2-f5e686249ceb}</UniqueIdentifier>
    </Filter>
    <Filter Include="Project\Items">
      <UniqueIdentifier>{3ec6699e-650f-43a9-8aa5-88a1f5efc04d}</UniqueIdentifier>
    </Filter>
    <Filter Include="Project\Items\Armor">
      <UniqueIdentifier>{93aaac5f-1d93-4371-ab3e-82355e0e139a}</UniqueIdentifier>
    </Filter>
    <Filter Include="Project\Items\Weapons">
      <UniqueIdentifier>{06874b03-ee97-4394-92c5-6d8c0b28ed3e}</UniqueIdentifier>
    </Filter>
    <Filter Include="Project\Console">
      <UniqueIdentifier>{e44e07ed-c939-4ee8-b96e-22aaca368ebe}</UniqueIdentifier>
    </Filter>
  </ItemGroup>
  <ItemGroup>
    <ClCompile Include="GameplayScreen.cpp">
      <Filter>Project</Filter>
    </ClCompile>
    <ClCompile Include="Creature.cpp">
      <Filter>Project\Creatures</Filter>
    </ClCompile>
    <ClCompile Include="Player.cpp">
      <Filter>Project\Creatures</Filter>
    </ClCompile>
    <ClCompile Include="BadGuy.cpp">
      <Filter>Project\Creatures\Enemies</Filter>
    </ClCompile>
    <ClCompile Include="Level.cpp">
      <Filter>Project\LevelStuff</Filter>
    </ClCompile>
    <ClCompile Include="PathFinder.cpp">
      <Filter>Project\Algorithms\Pathfinding</Filter>
    </ClCompile>
    <ClCompile Include="Node.cpp">
      <Filter>Project\Algorithms\Pathfinding</Filter>
    </ClCompile>
    <ClCompile Include="InitGameScreen.cpp">
      <Filter>Project\IckyBehindTheSceneSetup</Filter>
    </ClCompile>
    <ClCompile Include="App.cpp">
      <Filter>Project\IckyBehindTheSceneSetup</Filter>
    </ClCompile>
    <ClCompile Include="main.cpp">
      <Filter>Project\IckyBehindTheSceneSetup</Filter>
    </ClCompile>
    <ClCompile Include="Rat.cpp">
      <Filter>Project\Creatures\Enemies\Basic</Filter>
    </ClCompile>
    <ClCompile Include="BresenhamAlgorithm.cpp">
      <Filter>Project\Algorithms\Bresenham</Filter>
    </ClCompile>
    <ClCompile Include="Random.cpp">
      <Filter>Project\Algorithms\Random</Filter>
    </ClCompile>
    <ClCompile Include="Damage.cpp">
      <Filter>Project\Algorithms\Damage goods</Filter>
    </ClCompile>
    <ClCompile Include="Console.cpp">
      <Filter>Project\Console</Filter>
    </ClCompile>
    <ClCompile Include="Armor.cpp">
      <Filter>Project\Items\Armor</Filter>
    </ClCompile>
    <ClCompile Include="Weapon.cpp">
      <Filter>Project\Items\Weapons</Filter>
    </ClCompile>
  </ItemGroup>
  <ItemGroup>
    <ClInclude Include="GameplayScreen.h">
      <Filter>Project</Filter>
    </ClInclude>
    <ClInclude Include="Creature.h">
      <Filter>Project\Creatures</Filter>
    </ClInclude>
    <ClInclude Include="Player.h">
      <Filter>Project\Creatures</Filter>
    </ClInclude>
    <ClInclude Include="BadGuy.h">
      <Filter>Project\Creatures\Enemies</Filter>
    </ClInclude>
    <ClInclude Include="Themes.h">
      <Filter>Project\LevelStuff</Filter>
    </ClInclude>
    <ClInclude Include="Level.h">
      <Filter>Project\LevelStuff</Filter>
    </ClInclude>
    <ClInclude Include="PathFinder.h">
      <Filter>Project\Algorithms\Pathfinding</Filter>
    </ClInclude>
    <ClInclude Include="Node.h">
      <Filter>Project\Algorithms\Pathfinding</Filter>
    </ClInclude>
    <ClInclude Include="InitGameScreen.h">
      <Filter>Project\IckyBehindTheSceneSetup</Filter>
    </ClInclude>
    <ClInclude Include="App.h">
      <Filter>Project\IckyBehindTheSceneSetup</Filter>
    </ClInclude>
    <ClInclude Include="ScreenIndicies.h">
      <Filter>Project\IckyBehindTheSceneSetup</Filter>
    </ClInclude>
    <ClInclude Include="Rat.h">
      <Filter>Project\Creatures\Enemies\Basic</Filter>
    </ClInclude>
    <ClInclude Include="BresenhamAlgorithm.h">
      <Filter>Project\Algorithms\Bresenham</Filter>
    </ClInclude>
    <ClInclude Include="Random.h">
      <Filter>Project\Algorithms\Random</Filter>
    </ClInclude>
    <ClInclude Include="Damage.h">
      <Filter>Project\Algorithms\Damage goods</Filter>
    </ClInclude>
    <ClInclude Include="Console.h">
      <Filter>Project\Console</Filter>
    </ClInclude>
    <ClInclude Include="Armor.h">
      <Filter>Project\Items\Armor</Filter>
    </ClInclude>
    <ClInclude Include="Weapon.h">
      <Filter>Project\Items\Weapons</Filter>
    </ClInclude>
  </ItemGroup>
</Project>